
Microsoft Visual Studio Solution File, Format Version 12.00
# Visual Studio Version 16
VisualStudioVersion = 16.0.30611.23
MinimumVisualStudioVersion = 10.0.40219.1
Project("{FAE04EC0-301F-11D3-BF4B-00C04F79EFBC}") = "CppSecYear", "CppSecYear\CppSecYear.csproj", "{61D0F9FD-2353-4669-B89F-9DF2FF30F7B5}"
EndProject
Project("{FAE04EC0-301F-11D3-BF4B-00C04F79EFBC}") = "DemPrepare", "DemPrepare\DemPrepare.csproj", "{45A6B49C-7C1B-40EC-80D1-7D45EB277060}"
EndProject
Global
	GlobalSection(SolutionConfigurationPlatforms) = preSolution
		Debug|Any CPU = Debug|Any CPU
		Release|Any CPU = Release|Any CPU
	EndGlobalSection
	GlobalSection(ProjectConfigurationPlatforms) = postSolution
		{61D0F9FD-2353-4669-B89F-9DF2FF30F7B5}.Debug|Any CPU.ActiveCfg = Debug|Any CPU
		{61D0F9FD-2353-4669-B89F-9DF2FF30F7B5}.Debug|Any CPU.Build.0 = Debug|Any CPU
		{61D0F9FD-2353-4669-B89F-9DF2FF30F7B5}.Release|Any CPU.ActiveCfg = Release|Any CPU
		{61D0F9FD-2353-4669-B89F-9DF2FF30F7B5}.Release|Any CPU.Build.0 = Release|Any CPU
		{45A6B49C-7C1B-40EC-80D1-7D45EB277060}.Debug|Any CPU.ActiveCfg = Debug|Any CPU
		{45A6B49C-7C1B-40EC-80D1-7D45EB277060}.Debug|Any CPU.Build.0 = Debug|Any CPU
		{45A6B49C-7C1B-40EC-80D1-7D45EB277060}.Release|Any CPU.ActiveCfg = Release|Any CPU
		{45A6B49C-7C1B-40EC-80D1-7D45EB277060}.Release|Any CPU.Build.0 = Release|Any CPU
	EndGlobalSection
	GlobalSection(SolutionProperties) = preSolution
		HideSolutionNode = FALSE
	EndGlobalSection
	GlobalSection(ExtensibilityGlobals) = postSolution
		SolutionGuid = {6CBE0F53-0FBE-430D-B2FD-9B8C8075FBA6}
	EndGlobalSection
EndGlobal
